// !$*UTF8*$!
{
	archiveVersion = 1;
	classes = {
	};
	objectVersion = 56;
	objects = {

/* Begin PBXBuildFile section */
		617457E32A2930F7001134E7 /* AppDelegate.swift in Sources */ = {isa = PBXBuildFile; fileRef = 617457E22A2930F7001134E7 /* AppDelegate.swift */; };
		617457E52A2930F7001134E7 /* SceneDelegate.swift in Sources */ = {isa = PBXBuildFile; fileRef = 617457E42A2930F7001134E7 /* SceneDelegate.swift */; };
		617457E72A2930F7001134E7 /* ViewController.swift in Sources */ = {isa = PBXBuildFile; fileRef = 617457E62A2930F7001134E7 /* ViewController.swift */; };
		617457EA2A2930F7001134E7 /* Main.storyboard in Resources */ = {isa = PBXBuildFile; fileRef = 617457E82A2930F7001134E7 /* Main.storyboard */; };
		617457EC2A2930F8001134E7 /* Assets.xcassets in Resources */ = {isa = PBXBuildFile; fileRef = 617457EB2A2930F8001134E7 /* Assets.xcassets */; };
		617457EF2A2930F8001134E7 /* LaunchScreen.storyboard in Resources */ = {isa = PBXBuildFile; fileRef = 617457ED2A2930F8001134E7 /* LaunchScreen.storyboard */; };
		E25A87B92A2CBD0800AE2748 /* BrandsCollectionViewCell.swift in Sources */ = {isa = PBXBuildFile; fileRef = E25A87B72A2CBD0800AE2748 /* BrandsCollectionViewCell.swift */; };
		E25A87BA2A2CBD0800AE2748 /* BrandsCollectionViewCell.xib in Resources */ = {isa = PBXBuildFile; fileRef = E25A87B82A2CBD0800AE2748 /* BrandsCollectionViewCell.xib */; };
		E2834CEE2A38AB1B00767325 /* Extensions.swift in Sources */ = {isa = PBXBuildFile; fileRef = E2834CED2A38AB1B00767325 /* Extensions.swift */; };
		E2834CF12A3905E800767325 /* ProductDetailsViewModel.swift in Sources */ = {isa = PBXBuildFile; fileRef = E2834CF02A3905E800767325 /* ProductDetailsViewModel.swift */; };
		E2834CF32A39066B00767325 /* Converter.swift in Sources */ = {isa = PBXBuildFile; fileRef = E2834CF22A39066B00767325 /* Converter.swift */; };
		E2834CF92A3927F900767325 /* editImages.swift in Sources */ = {isa = PBXBuildFile; fileRef = E2834CF82A3927F900767325 /* editImages.swift */; };
		E2834CFB2A39285F00767325 /* EditTitleAndVendor.swift in Sources */ = {isa = PBXBuildFile; fileRef = E2834CFA2A39285F00767325 /* EditTitleAndVendor.swift */; };
		E2834CFD2A39295400767325 /* EditPrice.swift in Sources */ = {isa = PBXBuildFile; fileRef = E2834CFC2A39295400767325 /* EditPrice.swift */; };
		E2834CFF2A39320000767325 /* EditQuantity.swift in Sources */ = {isa = PBXBuildFile; fileRef = E2834CFE2A39320000767325 /* EditQuantity.swift */; };
		E2834D012A39323400767325 /* EditDescription.swift in Sources */ = {isa = PBXBuildFile; fileRef = E2834D002A39323400767325 /* EditDescription.swift */; };
		E2834D032A39329600767325 /* DeleteAlerts.swift in Sources */ = {isa = PBXBuildFile; fileRef = E2834D022A39329600767325 /* DeleteAlerts.swift */; };
		E2834D052A3932D800767325 /* AddVariant.swift in Sources */ = {isa = PBXBuildFile; fileRef = E2834D042A3932D800767325 /* AddVariant.swift */; };
		E2FE45E92A3223410051B27A /* HomeViewModel.swift in Sources */ = {isa = PBXBuildFile; fileRef = E2FE45E82A3223410051B27A /* HomeViewModel.swift */; };
		E2FE45EB2A32235D0051B27A /* ApiHandler.swift in Sources */ = {isa = PBXBuildFile; fileRef = E2FE45EA2A32235D0051B27A /* ApiHandler.swift */; };
		E2FE45F02A32238A0051B27A /* Image.swift in Sources */ = {isa = PBXBuildFile; fileRef = E2FE45EC2A32238A0051B27A /* Image.swift */; };
		E2FE45F12A32238A0051B27A /* SmartCollections.swift in Sources */ = {isa = PBXBuildFile; fileRef = E2FE45ED2A32238A0051B27A /* SmartCollections.swift */; };
		E2FE45F22A32238A0051B27A /* RootClass.swift in Sources */ = {isa = PBXBuildFile; fileRef = E2FE45EE2A32238A0051B27A /* RootClass.swift */; };
		E2FE45F32A32238A0051B27A /* Rules.swift in Sources */ = {isa = PBXBuildFile; fileRef = E2FE45EF2A32238A0051B27A /* Rules.swift */; };
		E2FE45F72A322CE90051B27A /* CollectionProductsViewController.swift in Sources */ = {isa = PBXBuildFile; fileRef = E2FE45F62A322CE90051B27A /* CollectionProductsViewController.swift */; };
		E2FE45FA2A322D940051B27A /* ProductsTableViewCell.swift in Sources */ = {isa = PBXBuildFile; fileRef = E2FE45F82A322D940051B27A /* ProductsTableViewCell.swift */; };
		E2FE45FB2A322D940051B27A /* ProductsTableViewCell.xib in Resources */ = {isa = PBXBuildFile; fileRef = E2FE45F92A322D940051B27A /* ProductsTableViewCell.xib */; };
		E2FE45FE2A3246FF0051B27A /* Options.swift in Sources */ = {isa = PBXBuildFile; fileRef = E2FE45FD2A3246FF0051B27A /* Options.swift */; };
		E2FE46002A3247220051B27A /* Product.swift in Sources */ = {isa = PBXBuildFile; fileRef = E2FE45FF2A3247220051B27A /* Product.swift */; };
		E2FE46022A3247570051B27A /* Variants.swift in Sources */ = {isa = PBXBuildFile; fileRef = E2FE46012A3247570051B27A /* Variants.swift */; };
		E2FE46072A3374C30051B27A /* CollectionProductsViewModel.swift in Sources */ = {isa = PBXBuildFile; fileRef = E2FE46062A3374C30051B27A /* CollectionProductsViewModel.swift */; };
		E2FE460C2A33A4050051B27A /* AllProductsViewController.swift in Sources */ = {isa = PBXBuildFile; fileRef = E2FE460B2A33A4050051B27A /* AllProductsViewController.swift */; };
		E2FE460F2A33C8CE0051B27A /* AllProductsViewModel.swift in Sources */ = {isa = PBXBuildFile; fileRef = E2FE460E2A33C8CE0051B27A /* AllProductsViewModel.swift */; };
		E2FE464C2A347B960051B27A /* ImageSlideshow in Frameworks */ = {isa = PBXBuildFile; productRef = E2FE464B2A347B960051B27A /* ImageSlideshow */; };
		E2FE464E2A347B960051B27A /* ImageSlideshow/Kingfisher in Frameworks */ = {isa = PBXBuildFile; productRef = E2FE464D2A347B960051B27A /* ImageSlideshow/Kingfisher */; };
		E2FE46522A347D770051B27A /* ProductDetailsViewController.swift in Sources */ = {isa = PBXBuildFile; fileRef = E2FE46512A347D770051B27A /* ProductDetailsViewController.swift */; };
		E2FE46542A3497250051B27A /* SIzeCollectionViewCell.swift in Sources */ = {isa = PBXBuildFile; fileRef = E2FE46532A3497250051B27A /* SIzeCollectionViewCell.swift */; };
		E2FE46562A3497E60051B27A /* ProductSizeCollectionDelegatesHandling.swift in Sources */ = {isa = PBXBuildFile; fileRef = E2FE46552A3497E60051B27A /* ProductSizeCollectionDelegatesHandling.swift */; };
		E2FE46582A34A8260051B27A /* ProductColorCollectionDelegatesHandling.swift in Sources */ = {isa = PBXBuildFile; fileRef = E2FE46572A34A8260051B27A /* ProductColorCollectionDelegatesHandling.swift */; };
		E2FE465A2A34A8E60051B27A /* ColorCollectionViewCell.swift in Sources */ = {isa = PBXBuildFile; fileRef = E2FE46592A34A8E60051B27A /* ColorCollectionViewCell.swift */; };
		FDB3AD3838E36D86168865D6 /* Pods_InDoor_Admin.framework in Frameworks */ = {isa = PBXBuildFile; fileRef = F7F0D83FD0C2B26A4B64AEA1 /* Pods_InDoor_Admin.framework */; };
/* End PBXBuildFile section */

/* Begin PBXFileReference section */
		54CC08E1F256AE805EFF8E2F /* Pods-InDoor-Admin.debug.xcconfig */ = {isa = PBXFileReference; includeInIndex = 1; lastKnownFileType = text.xcconfig; name = "Pods-InDoor-Admin.debug.xcconfig"; path = "Target Support Files/Pods-InDoor-Admin/Pods-InDoor-Admin.debug.xcconfig"; sourceTree = "<group>"; };
		617457DF2A2930F7001134E7 /* InDoor-Admin.app */ = {isa = PBXFileReference; explicitFileType = wrapper.application; includeInIndex = 0; path = "InDoor-Admin.app"; sourceTree = BUILT_PRODUCTS_DIR; };
		617457E22A2930F7001134E7 /* AppDelegate.swift */ = {isa = PBXFileReference; lastKnownFileType = sourcecode.swift; path = AppDelegate.swift; sourceTree = "<group>"; };
		617457E42A2930F7001134E7 /* SceneDelegate.swift */ = {isa = PBXFileReference; lastKnownFileType = sourcecode.swift; path = SceneDelegate.swift; sourceTree = "<group>"; };
		617457E62A2930F7001134E7 /* ViewController.swift */ = {isa = PBXFileReference; lastKnownFileType = sourcecode.swift; path = ViewController.swift; sourceTree = "<group>"; };
		617457E92A2930F7001134E7 /* Base */ = {isa = PBXFileReference; lastKnownFileType = file.storyboard; name = Base; path = Base.lproj/Main.storyboard; sourceTree = "<group>"; };
		617457EB2A2930F8001134E7 /* Assets.xcassets */ = {isa = PBXFileReference; lastKnownFileType = folder.assetcatalog; path = Assets.xcassets; sourceTree = "<group>"; };
		617457EE2A2930F8001134E7 /* Base */ = {isa = PBXFileReference; lastKnownFileType = file.storyboard; name = Base; path = Base.lproj/LaunchScreen.storyboard; sourceTree = "<group>"; };
		617457F02A2930F8001134E7 /* Info.plist */ = {isa = PBXFileReference; lastKnownFileType = text.plist.xml; path = Info.plist; sourceTree = "<group>"; };
		76E88968C0CB77FE533577E5 /* Pods-InDoor-Admin.release.xcconfig */ = {isa = PBXFileReference; includeInIndex = 1; lastKnownFileType = text.xcconfig; name = "Pods-InDoor-Admin.release.xcconfig"; path = "Target Support Files/Pods-InDoor-Admin/Pods-InDoor-Admin.release.xcconfig"; sourceTree = "<group>"; };
		E25A87B72A2CBD0800AE2748 /* BrandsCollectionViewCell.swift */ = {isa = PBXFileReference; lastKnownFileType = sourcecode.swift; path = BrandsCollectionViewCell.swift; sourceTree = "<group>"; };
		E25A87B82A2CBD0800AE2748 /* BrandsCollectionViewCell.xib */ = {isa = PBXFileReference; lastKnownFileType = file.xib; path = BrandsCollectionViewCell.xib; sourceTree = "<group>"; };
		E2834CED2A38AB1B00767325 /* Extensions.swift */ = {isa = PBXFileReference; lastKnownFileType = sourcecode.swift; path = Extensions.swift; sourceTree = "<group>"; };
		E2834CF02A3905E800767325 /* ProductDetailsViewModel.swift */ = {isa = PBXFileReference; lastKnownFileType = sourcecode.swift; path = ProductDetailsViewModel.swift; sourceTree = "<group>"; };
		E2834CF22A39066B00767325 /* Converter.swift */ = {isa = PBXFileReference; lastKnownFileType = sourcecode.swift; path = Converter.swift; sourceTree = "<group>"; };
		E2834CF82A3927F900767325 /* editImages.swift */ = {isa = PBXFileReference; lastKnownFileType = sourcecode.swift; path = editImages.swift; sourceTree = "<group>"; };
		E2834CFA2A39285F00767325 /* EditTitleAndVendor.swift */ = {isa = PBXFileReference; lastKnownFileType = sourcecode.swift; path = EditTitleAndVendor.swift; sourceTree = "<group>"; };
		E2834CFC2A39295400767325 /* EditPrice.swift */ = {isa = PBXFileReference; lastKnownFileType = sourcecode.swift; path = EditPrice.swift; sourceTree = "<group>"; };
		E2834CFE2A39320000767325 /* EditQuantity.swift */ = {isa = PBXFileReference; lastKnownFileType = sourcecode.swift; path = EditQuantity.swift; sourceTree = "<group>"; };
		E2834D002A39323400767325 /* EditDescription.swift */ = {isa = PBXFileReference; lastKnownFileType = sourcecode.swift; path = EditDescription.swift; sourceTree = "<group>"; };
		E2834D022A39329600767325 /* DeleteAlerts.swift */ = {isa = PBXFileReference; lastKnownFileType = sourcecode.swift; path = DeleteAlerts.swift; sourceTree = "<group>"; };
		E2834D042A3932D800767325 /* AddVariant.swift */ = {isa = PBXFileReference; lastKnownFileType = sourcecode.swift; path = AddVariant.swift; sourceTree = "<group>"; };
		E2FE45E82A3223410051B27A /* HomeViewModel.swift */ = {isa = PBXFileReference; fileEncoding = 4; lastKnownFileType = sourcecode.swift; path = HomeViewModel.swift; sourceTree = "<group>"; };
		E2FE45EA2A32235D0051B27A /* ApiHandler.swift */ = {isa = PBXFileReference; fileEncoding = 4; lastKnownFileType = sourcecode.swift; path = ApiHandler.swift; sourceTree = "<group>"; };
		E2FE45EC2A32238A0051B27A /* Image.swift */ = {isa = PBXFileReference; fileEncoding = 4; lastKnownFileType = sourcecode.swift; path = Image.swift; sourceTree = "<group>"; };
		E2FE45ED2A32238A0051B27A /* SmartCollections.swift */ = {isa = PBXFileReference; fileEncoding = 4; lastKnownFileType = sourcecode.swift; path = SmartCollections.swift; sourceTree = "<group>"; };
		E2FE45EE2A32238A0051B27A /* RootClass.swift */ = {isa = PBXFileReference; fileEncoding = 4; lastKnownFileType = sourcecode.swift; path = RootClass.swift; sourceTree = "<group>"; };
		E2FE45EF2A32238A0051B27A /* Rules.swift */ = {isa = PBXFileReference; fileEncoding = 4; lastKnownFileType = sourcecode.swift; path = Rules.swift; sourceTree = "<group>"; };
		E2FE45F62A322CE90051B27A /* CollectionProductsViewController.swift */ = {isa = PBXFileReference; lastKnownFileType = sourcecode.swift; path = CollectionProductsViewController.swift; sourceTree = "<group>"; };
		E2FE45F82A322D940051B27A /* ProductsTableViewCell.swift */ = {isa = PBXFileReference; lastKnownFileType = sourcecode.swift; path = ProductsTableViewCell.swift; sourceTree = "<group>"; };
		E2FE45F92A322D940051B27A /* ProductsTableViewCell.xib */ = {isa = PBXFileReference; lastKnownFileType = file.xib; path = ProductsTableViewCell.xib; sourceTree = "<group>"; };
		E2FE45FD2A3246FF0051B27A /* Options.swift */ = {isa = PBXFileReference; lastKnownFileType = sourcecode.swift; path = Options.swift; sourceTree = "<group>"; };
		E2FE45FF2A3247220051B27A /* Product.swift */ = {isa = PBXFileReference; lastKnownFileType = sourcecode.swift; path = Product.swift; sourceTree = "<group>"; };
		E2FE46012A3247570051B27A /* Variants.swift */ = {isa = PBXFileReference; lastKnownFileType = sourcecode.swift; path = Variants.swift; sourceTree = "<group>"; };
		E2FE46062A3374C30051B27A /* CollectionProductsViewModel.swift */ = {isa = PBXFileReference; lastKnownFileType = sourcecode.swift; path = CollectionProductsViewModel.swift; sourceTree = "<group>"; };
		E2FE460B2A33A4050051B27A /* AllProductsViewController.swift */ = {isa = PBXFileReference; lastKnownFileType = sourcecode.swift; path = AllProductsViewController.swift; sourceTree = "<group>"; };
		E2FE460E2A33C8CE0051B27A /* AllProductsViewModel.swift */ = {isa = PBXFileReference; lastKnownFileType = sourcecode.swift; path = AllProductsViewModel.swift; sourceTree = "<group>"; };
		E2FE46512A347D770051B27A /* ProductDetailsViewController.swift */ = {isa = PBXFileReference; lastKnownFileType = sourcecode.swift; path = ProductDetailsViewController.swift; sourceTree = "<group>"; };
		E2FE46532A3497250051B27A /* SIzeCollectionViewCell.swift */ = {isa = PBXFileReference; lastKnownFileType = sourcecode.swift; path = SIzeCollectionViewCell.swift; sourceTree = "<group>"; };
		E2FE46552A3497E60051B27A /* ProductSizeCollectionDelegatesHandling.swift */ = {isa = PBXFileReference; lastKnownFileType = sourcecode.swift; path = ProductSizeCollectionDelegatesHandling.swift; sourceTree = "<group>"; };
		E2FE46572A34A8260051B27A /* ProductColorCollectionDelegatesHandling.swift */ = {isa = PBXFileReference; lastKnownFileType = sourcecode.swift; path = ProductColorCollectionDelegatesHandling.swift; sourceTree = "<group>"; };
		E2FE46592A34A8E60051B27A /* ColorCollectionViewCell.swift */ = {isa = PBXFileReference; lastKnownFileType = sourcecode.swift; path = ColorCollectionViewCell.swift; sourceTree = "<group>"; };
		F7F0D83FD0C2B26A4B64AEA1 /* Pods_InDoor_Admin.framework */ = {isa = PBXFileReference; explicitFileType = wrapper.framework; includeInIndex = 0; path = Pods_InDoor_Admin.framework; sourceTree = BUILT_PRODUCTS_DIR; };
/* End PBXFileReference section */

/* Begin PBXFrameworksBuildPhase section */
		617457DC2A2930F7001134E7 /* Frameworks */ = {
			isa = PBXFrameworksBuildPhase;
			buildActionMask = 2147483647;
			files = (
				FDB3AD3838E36D86168865D6 /* Pods_InDoor_Admin.framework in Frameworks */,
				E2FE464E2A347B960051B27A /* ImageSlideshow/Kingfisher in Frameworks */,
				E2FE464C2A347B960051B27A /* ImageSlideshow in Frameworks */,
			);
			runOnlyForDeploymentPostprocessing = 0;
		};
/* End PBXFrameworksBuildPhase section */

/* Begin PBXGroup section */
		617457D62A2930F7001134E7 = {
			isa = PBXGroup;
			children = (
				617457E12A2930F7001134E7 /* InDoor-Admin */,
				617457E02A2930F7001134E7 /* Products */,
				C22C4196AAFC8276CADFDEF5 /* Pods */,
				F2CA09F3974E7B53C955360A /* Frameworks */,
			);
			sourceTree = "<group>";
		};
		617457E02A2930F7001134E7 /* Products */ = {
			isa = PBXGroup;
			children = (
				617457DF2A2930F7001134E7 /* InDoor-Admin.app */,
			);
			name = Products;
			sourceTree = "<group>";
		};
		617457E12A2930F7001134E7 /* InDoor-Admin */ = {
			isa = PBXGroup;
			children = (
				E2834CEC2A38AB0500767325 /* Utilities */,
				E25A87BB2A2CD59D00AE2748 /* Modules */,
				617457E22A2930F7001134E7 /* AppDelegate.swift */,
				617457E42A2930F7001134E7 /* SceneDelegate.swift */,
				617457E82A2930F7001134E7 /* Main.storyboard */,
				617457EB2A2930F8001134E7 /* Assets.xcassets */,
				617457ED2A2930F8001134E7 /* LaunchScreen.storyboard */,
				617457F02A2930F8001134E7 /* Info.plist */,
			);
			path = "InDoor-Admin";
			sourceTree = "<group>";
		};
		C22C4196AAFC8276CADFDEF5 /* Pods */ = {
			isa = PBXGroup;
			children = (
				54CC08E1F256AE805EFF8E2F /* Pods-InDoor-Admin.debug.xcconfig */,
				76E88968C0CB77FE533577E5 /* Pods-InDoor-Admin.release.xcconfig */,
			);
			path = Pods;
			sourceTree = "<group>";
		};
		E25A87BB2A2CD59D00AE2748 /* Modules */ = {
			isa = PBXGroup;
			children = (
				E2FE464F2A347D550051B27A /* ProductDetails */,
				E2FE46092A33A3D40051B27A /* AllProducts */,
				E2FE45F42A322CB90051B27A /* CollectionProducts */,
				E25A87C22A2CD83B00AE2748 /* Model */,
				E25A87BF2A2CD69000AE2748 /* RemoteSource */,
				E25A87BC2A2CD5AB00AE2748 /* Home */,
			);
			path = Modules;
			sourceTree = "<group>";
		};
		E25A87BC2A2CD5AB00AE2748 /* Home */ = {
			isa = PBXGroup;
			children = (
				E25A87BE2A2CD5C800AE2748 /* ViewModel */,
				E25A87BD2A2CD5B700AE2748 /* View */,
			);
			path = Home;
			sourceTree = "<group>";
		};
		E25A87BD2A2CD5B700AE2748 /* View */ = {
			isa = PBXGroup;
			children = (
				617457E62A2930F7001134E7 /* ViewController.swift */,
				E25A87B72A2CBD0800AE2748 /* BrandsCollectionViewCell.swift */,
				E25A87B82A2CBD0800AE2748 /* BrandsCollectionViewCell.xib */,
			);
			path = View;
			sourceTree = "<group>";
		};
		E25A87BE2A2CD5C800AE2748 /* ViewModel */ = {
			isa = PBXGroup;
			children = (
				E2FE45E82A3223410051B27A /* HomeViewModel.swift */,
			);
			path = ViewModel;
			sourceTree = "<group>";
		};
		E25A87BF2A2CD69000AE2748 /* RemoteSource */ = {
			isa = PBXGroup;
			children = (
				E2FE45EA2A32235D0051B27A /* ApiHandler.swift */,
			);
			path = RemoteSource;
			sourceTree = "<group>";
		};
		E25A87C22A2CD83B00AE2748 /* Model */ = {
			isa = PBXGroup;
			children = (
				E2FE45EC2A32238A0051B27A /* Image.swift */,
				E2FE45EE2A32238A0051B27A /* RootClass.swift */,
				E2FE45EF2A32238A0051B27A /* Rules.swift */,
				E2FE45ED2A32238A0051B27A /* SmartCollections.swift */,
				E2FE45FD2A3246FF0051B27A /* Options.swift */,
				E2FE45FF2A3247220051B27A /* Product.swift */,
				E2FE46012A3247570051B27A /* Variants.swift */,
			);
			path = Model;
			sourceTree = "<group>";
		};
		E2834CEC2A38AB0500767325 /* Utilities */ = {
			isa = PBXGroup;
			children = (
				E2834CED2A38AB1B00767325 /* Extensions.swift */,
				E2834CF22A39066B00767325 /* Converter.swift */,
			);
			path = Utilities;
			sourceTree = "<group>";
		};
		E2834CEF2A3905D500767325 /* ViewModel */ = {
			isa = PBXGroup;
			children = (
				E2834CF02A3905E800767325 /* ProductDetailsViewModel.swift */,
			);
			path = ViewModel;
			sourceTree = "<group>";
		};
		E2834CF42A39274700767325 /* ViewController */ = {
			isa = PBXGroup;
			children = (
				E2834CF72A3927BE00767325 /* Extensions */,
				E2FE46512A347D770051B27A /* ProductDetailsViewController.swift */,
			);
			path = ViewController;
			sourceTree = "<group>";
		};
		E2834CF52A39275500767325 /* CollectionCells */ = {
			isa = PBXGroup;
			children = (
				E2FE46592A34A8E60051B27A /* ColorCollectionViewCell.swift */,
				E2FE46532A3497250051B27A /* SIzeCollectionViewCell.swift */,
			);
			path = CollectionCells;
			sourceTree = "<group>";
		};
		E2834CF62A39279300767325 /* collectionsDataSourceAndDelegates */ = {
			isa = PBXGroup;
			children = (
				E2FE46552A3497E60051B27A /* ProductSizeCollectionDelegatesHandling.swift */,
				E2FE46572A34A8260051B27A /* ProductColorCollectionDelegatesHandling.swift */,
			);
			path = collectionsDataSourceAndDelegates;
			sourceTree = "<group>";
		};
		E2834CF72A3927BE00767325 /* Extensions */ = {
			isa = PBXGroup;
			children = (
				E2834CF82A3927F900767325 /* editImages.swift */,
				E2834CFA2A39285F00767325 /* EditTitleAndVendor.swift */,
				E2834CFC2A39295400767325 /* EditPrice.swift */,
				E2834CFE2A39320000767325 /* EditQuantity.swift */,
				E2834D002A39323400767325 /* EditDescription.swift */,
				E2834D022A39329600767325 /* DeleteAlerts.swift */,
				E2834D042A3932D800767325 /* AddVariant.swift */,
			);
			path = Extensions;
			sourceTree = "<group>";
		};
		E2FE45F42A322CB90051B27A /* CollectionProducts */ = {
			isa = PBXGroup;
			children = (
				E2FE45FC2A3243C40051B27A /* ViewModel */,
				E2FE45F52A322CC40051B27A /* View */,
			);
			path = CollectionProducts;
			sourceTree = "<group>";
		};
		E2FE45F52A322CC40051B27A /* View */ = {
			isa = PBXGroup;
			children = (
				E2FE45F62A322CE90051B27A /* CollectionProductsViewController.swift */,
				E2FE45F82A322D940051B27A /* ProductsTableViewCell.swift */,
				E2FE45F92A322D940051B27A /* ProductsTableViewCell.xib */,
			);
			path = View;
			sourceTree = "<group>";
		};
		E2FE45FC2A3243C40051B27A /* ViewModel */ = {
			isa = PBXGroup;
			children = (
				E2FE46062A3374C30051B27A /* CollectionProductsViewModel.swift */,
			);
			path = ViewModel;
			sourceTree = "<group>";
		};
		E2FE46092A33A3D40051B27A /* AllProducts */ = {
			isa = PBXGroup;
			children = (
				E2FE460D2A33C8B90051B27A /* ViewModel */,
				E2FE460A2A33A3EA0051B27A /* View */,
			);
			path = AllProducts;
			sourceTree = "<group>";
		};
		E2FE460A2A33A3EA0051B27A /* View */ = {
			isa = PBXGroup;
			children = (
				E2FE460B2A33A4050051B27A /* AllProductsViewController.swift */,
			);
			path = View;
			sourceTree = "<group>";
		};
		E2FE460D2A33C8B90051B27A /* ViewModel */ = {
			isa = PBXGroup;
			children = (
				E2FE460E2A33C8CE0051B27A /* AllProductsViewModel.swift */,
			);
			path = ViewModel;
			sourceTree = "<group>";
		};
		E2FE464F2A347D550051B27A /* ProductDetails */ = {
			isa = PBXGroup;
			children = (
				E2834CEF2A3905D500767325 /* ViewModel */,
				E2FE46502A347D630051B27A /* View */,
			);
			path = ProductDetails;
			sourceTree = "<group>";
		};
		E2FE46502A347D630051B27A /* View */ = {
			isa = PBXGroup;
			children = (
				E2834CF62A39279300767325 /* collectionsDataSourceAndDelegates */,
				E2834CF52A39275500767325 /* CollectionCells */,
				E2834CF42A39274700767325 /* ViewController */,
			);
			path = View;
			sourceTree = "<group>";
		};
		F2CA09F3974E7B53C955360A /* Frameworks */ = {
			isa = PBXGroup;
			children = (
				F7F0D83FD0C2B26A4B64AEA1 /* Pods_InDoor_Admin.framework */,
			);
			name = Frameworks;
			sourceTree = "<group>";
		};
/* End PBXGroup section */

/* Begin PBXNativeTarget section */
		617457DE2A2930F7001134E7 /* InDoor-Admin */ = {
			isa = PBXNativeTarget;
			buildConfigurationList = 617457F32A2930F8001134E7 /* Build configuration list for PBXNativeTarget "InDoor-Admin" */;
			buildPhases = (
				190D1D30977CBA3372A64024 /* [CP] Check Pods Manifest.lock */,
				617457DB2A2930F7001134E7 /* Sources */,
				617457DC2A2930F7001134E7 /* Frameworks */,
				617457DD2A2930F7001134E7 /* Resources */,
				7E9D8A1563DBD6D819C65042 /* [CP] Embed Pods Frameworks */,
			);
			buildRules = (
			);
			dependencies = (
			);
			name = "InDoor-Admin";
			packageProductDependencies = (
				E2FE464B2A347B960051B27A /* ImageSlideshow */,
				E2FE464D2A347B960051B27A /* ImageSlideshow/Kingfisher */,
			);
			productName = "InDoor-Admin";
			productReference = 617457DF2A2930F7001134E7 /* InDoor-Admin.app */;
			productType = "com.apple.product-type.application";
		};
/* End PBXNativeTarget section */

/* Begin PBXProject section */
		617457D72A2930F7001134E7 /* Project object */ = {
			isa = PBXProject;
			attributes = {
				BuildIndependentTargetsInParallel = 1;
				LastSwiftUpdateCheck = 1410;
				LastUpgradeCheck = 1410;
				TargetAttributes = {
					617457DE2A2930F7001134E7 = {
						CreatedOnToolsVersion = 14.1;
					};
				};
			};
			buildConfigurationList = 617457DA2A2930F7001134E7 /* Build configuration list for PBXProject "InDoor-Admin" */;
			compatibilityVersion = "Xcode 14.0";
			developmentRegion = en;
			hasScannedForEncodings = 0;
			knownRegions = (
				en,
				Base,
			);
			mainGroup = 617457D62A2930F7001134E7;
			packageReferences = (
				E2FE464A2A347B960051B27A /* XCRemoteSwiftPackageReference "ImageSlideshow" */,
			);
			productRefGroup = 617457E02A2930F7001134E7 /* Products */;
			projectDirPath = "";
			projectRoot = "";
			targets = (
				617457DE2A2930F7001134E7 /* InDoor-Admin */,
			);
		};
/* End PBXProject section */

/* Begin PBXResourcesBuildPhase section */
		617457DD2A2930F7001134E7 /* Resources */ = {
			isa = PBXResourcesBuildPhase;
			buildActionMask = 2147483647;
			files = (
				617457EF2A2930F8001134E7 /* LaunchScreen.storyboard in Resources */,
				617457EC2A2930F8001134E7 /* Assets.xcassets in Resources */,
				E2FE45FB2A322D940051B27A /* ProductsTableViewCell.xib in Resources */,
				E25A87BA2A2CBD0800AE2748 /* BrandsCollectionViewCell.xib in Resources */,
				617457EA2A2930F7001134E7 /* Main.storyboard in Resources */,
			);
			runOnlyForDeploymentPostprocessing = 0;
		};
/* End PBXResourcesBuildPhase section */

/* Begin PBXShellScriptBuildPhase section */
		190D1D30977CBA3372A64024 /* [CP] Check Pods Manifest.lock */ = {
			isa = PBXShellScriptBuildPhase;
			buildActionMask = 2147483647;
			files = (
			);
			inputFileListPaths = (
			);
			inputPaths = (
				"${PODS_PODFILE_DIR_PATH}/Podfile.lock",
				"${PODS_ROOT}/Manifest.lock",
			);
			name = "[CP] Check Pods Manifest.lock";
			outputFileListPaths = (
			);
			outputPaths = (
				"$(DERIVED_FILE_DIR)/Pods-InDoor-Admin-checkManifestLockResult.txt",
			);
			runOnlyForDeploymentPostprocessing = 0;
			shellPath = /bin/sh;
			shellScript = "diff \"${PODS_PODFILE_DIR_PATH}/Podfile.lock\" \"${PODS_ROOT}/Manifest.lock\" > /dev/null\nif [ $? != 0 ] ; then\n    # print error to STDERR\n    echo \"error: The sandbox is not in sync with the Podfile.lock. Run 'pod install' or update your CocoaPods installation.\" >&2\n    exit 1\nfi\n# This output is used by Xcode 'outputs' to avoid re-running this script phase.\necho \"SUCCESS\" > \"${SCRIPT_OUTPUT_FILE_0}\"\n";
			showEnvVarsInLog = 0;
		};
		7E9D8A1563DBD6D819C65042 /* [CP] Embed Pods Frameworks */ = {
			isa = PBXShellScriptBuildPhase;
			buildActionMask = 2147483647;
			files = (
			);
			inputFileListPaths = (
				"${PODS_ROOT}/Target Support Files/Pods-InDoor-Admin/Pods-InDoor-Admin-frameworks-${CONFIGURATION}-input-files.xcfilelist",
			);
			name = "[CP] Embed Pods Frameworks";
			outputFileListPaths = (
				"${PODS_ROOT}/Target Support Files/Pods-InDoor-Admin/Pods-InDoor-Admin-frameworks-${CONFIGURATION}-output-files.xcfilelist",
			);
			runOnlyForDeploymentPostprocessing = 0;
			shellPath = /bin/sh;
			shellScript = "\"${PODS_ROOT}/Target Support Files/Pods-InDoor-Admin/Pods-InDoor-Admin-frameworks.sh\"\n";
			showEnvVarsInLog = 0;
		};
/* End PBXShellScriptBuildPhase section */

/* Begin PBXSourcesBuildPhase section */
		617457DB2A2930F7001134E7 /* Sources */ = {
			isa = PBXSourcesBuildPhase;
			buildActionMask = 2147483647;
			files = (
				E2834D052A3932D800767325 /* AddVariant.swift in Sources */,
				E2FE45F02A32238A0051B27A /* Image.swift in Sources */,
				617457E72A2930F7001134E7 /* ViewController.swift in Sources */,
				E2834CF32A39066B00767325 /* Converter.swift in Sources */,
				E2FE45FE2A3246FF0051B27A /* Options.swift in Sources */,
				E2FE45EB2A32235D0051B27A /* ApiHandler.swift in Sources */,
				617457E32A2930F7001134E7 /* AppDelegate.swift in Sources */,
				E2FE46522A347D770051B27A /* ProductDetailsViewController.swift in Sources */,
				E2834CF12A3905E800767325 /* ProductDetailsViewModel.swift in Sources */,
				E2834D012A39323400767325 /* EditDescription.swift in Sources */,
				E2FE45F22A32238A0051B27A /* RootClass.swift in Sources */,
				E2FE460F2A33C8CE0051B27A /* AllProductsViewModel.swift in Sources */,
				E2834D032A39329600767325 /* DeleteAlerts.swift in Sources */,
				E25A87B92A2CBD0800AE2748 /* BrandsCollectionViewCell.swift in Sources */,
				E2FE46022A3247570051B27A /* Variants.swift in Sources */,
				E2FE46562A3497E60051B27A /* ProductSizeCollectionDelegatesHandling.swift in Sources */,
				E2FE46072A3374C30051B27A /* CollectionProductsViewModel.swift in Sources */,
				E2FE45E92A3223410051B27A /* HomeViewModel.swift in Sources */,
				E2FE45F72A322CE90051B27A /* CollectionProductsViewController.swift in Sources */,
				E2834CFB2A39285F00767325 /* EditTitleAndVendor.swift in Sources */,
				E2FE46542A3497250051B27A /* SIzeCollectionViewCell.swift in Sources */,
				617457E52A2930F7001134E7 /* SceneDelegate.swift in Sources */,
				E2FE45FA2A322D940051B27A /* ProductsTableViewCell.swift in Sources */,
				E2FE45F12A32238A0051B27A /* SmartCollections.swift in Sources */,
				E2FE460C2A33A4050051B27A /* AllProductsViewController.swift in Sources */,
				E2834CFF2A39320000767325 /* EditQuantity.swift in Sources */,
				E2834CEE2A38AB1B00767325 /* Extensions.swift in Sources */,
				E2FE46582A34A8260051B27A /* ProductColorCollectionDelegatesHandling.swift in Sources */,
				E2834CFD2A39295400767325 /* EditPrice.swift in Sources */,
				E2FE45F32A32238A0051B27A /* Rules.swift in Sources */,
				E2FE46002A3247220051B27A /* Product.swift in Sources */,
				E2FE465A2A34A8E60051B27A /* ColorCollectionViewCell.swift in Sources */,
				E2834CF92A3927F900767325 /* editImages.swift in Sources */,
			);
			runOnlyForDeploymentPostprocessing = 0;
		};
/* End PBXSourcesBuildPhase section */

/* Begin PBXVariantGroup section */
		617457E82A2930F7001134E7 /* Main.storyboard */ = {
			isa = PBXVariantGroup;
			children = (
				617457E92A2930F7001134E7 /* Base */,
			);
			name = Main.storyboard;
			sourceTree = "<group>";
		};
		617457ED2A2930F8001134E7 /* LaunchScreen.storyboard */ = {
			isa = PBXVariantGroup;
			children = (
				617457EE2A2930F8001134E7 /* Base */,
			);
			name = LaunchScreen.storyboard;
			sourceTree = "<group>";
		};
/* End PBXVariantGroup section */

/* Begin XCBuildConfiguration section */
		617457F12A2930F8001134E7 /* Debug */ = {
			isa = XCBuildConfiguration;
			buildSettings = {
				ALWAYS_SEARCH_USER_PATHS = NO;
				CLANG_ANALYZER_NONNULL = YES;
				CLANG_ANALYZER_NUMBER_OBJECT_CONVERSION = YES_AGGRESSIVE;
				CLANG_CXX_LANGUAGE_STANDARD = "gnu++20";
				CLANG_ENABLE_MODULES = YES;
				CLANG_ENABLE_OBJC_ARC = YES;
				CLANG_ENABLE_OBJC_WEAK = YES;
				CLANG_WARN_BLOCK_CAPTURE_AUTORELEASING = YES;
				CLANG_WARN_BOOL_CONVERSION = YES;
				CLANG_WARN_COMMA = YES;
				CLANG_WARN_CONSTANT_CONVERSION = YES;
				CLANG_WARN_DEPRECATED_OBJC_IMPLEMENTATIONS = YES;
				CLANG_WARN_DIRECT_OBJC_ISA_USAGE = YES_ERROR;
				CLANG_WARN_DOCUMENTATION_COMMENTS = YES;
				CLANG_WARN_EMPTY_BODY = YES;
				CLANG_WARN_ENUM_CONVERSION = YES;
				CLANG_WARN_INFINITE_RECURSION = YES;
				CLANG_WARN_INT_CONVERSION = YES;
				CLANG_WARN_NON_LITERAL_NULL_CONVERSION = YES;
				CLANG_WARN_OBJC_IMPLICIT_RETAIN_SELF = YES;
				CLANG_WARN_OBJC_LITERAL_CONVERSION = YES;
				CLANG_WARN_OBJC_ROOT_CLASS = YES_ERROR;
				CLANG_WARN_QUOTED_INCLUDE_IN_FRAMEWORK_HEADER = YES;
				CLANG_WARN_RANGE_LOOP_ANALYSIS = YES;
				CLANG_WARN_STRICT_PROTOTYPES = YES;
				CLANG_WARN_SUSPICIOUS_MOVE = YES;
				CLANG_WARN_UNGUARDED_AVAILABILITY = YES_AGGRESSIVE;
				CLANG_WARN_UNREACHABLE_CODE = YES;
				CLANG_WARN__DUPLICATE_METHOD_MATCH = YES;
				COPY_PHASE_STRIP = NO;
				DEBUG_INFORMATION_FORMAT = dwarf;
				ENABLE_STRICT_OBJC_MSGSEND = YES;
				ENABLE_TESTABILITY = YES;
				GCC_C_LANGUAGE_STANDARD = gnu11;
				GCC_DYNAMIC_NO_PIC = NO;
				GCC_NO_COMMON_BLOCKS = YES;
				GCC_OPTIMIZATION_LEVEL = 0;
				GCC_PREPROCESSOR_DEFINITIONS = (
					"DEBUG=1",
					"$(inherited)",
				);
				GCC_WARN_64_TO_32_BIT_CONVERSION = YES;
				GCC_WARN_ABOUT_RETURN_TYPE = YES_ERROR;
				GCC_WARN_UNDECLARED_SELECTOR = YES;
				GCC_WARN_UNINITIALIZED_AUTOS = YES_AGGRESSIVE;
				GCC_WARN_UNUSED_FUNCTION = YES;
				GCC_WARN_UNUSED_VARIABLE = YES;
				IPHONEOS_DEPLOYMENT_TARGET = 16.1;
				MTL_ENABLE_DEBUG_INFO = INCLUDE_SOURCE;
				MTL_FAST_MATH = YES;
				ONLY_ACTIVE_ARCH = YES;
				SDKROOT = iphoneos;
				SWIFT_ACTIVE_COMPILATION_CONDITIONS = DEBUG;
				SWIFT_OPTIMIZATION_LEVEL = "-Onone";
			};
			name = Debug;
		};
		617457F22A2930F8001134E7 /* Release */ = {
			isa = XCBuildConfiguration;
			buildSettings = {
				ALWAYS_SEARCH_USER_PATHS = NO;
				CLANG_ANALYZER_NONNULL = YES;
				CLANG_ANALYZER_NUMBER_OBJECT_CONVERSION = YES_AGGRESSIVE;
				CLANG_CXX_LANGUAGE_STANDARD = "gnu++20";
				CLANG_ENABLE_MODULES = YES;
				CLANG_ENABLE_OBJC_ARC = YES;
				CLANG_ENABLE_OBJC_WEAK = YES;
				CLANG_WARN_BLOCK_CAPTURE_AUTORELEASING = YES;
				CLANG_WARN_BOOL_CONVERSION = YES;
				CLANG_WARN_COMMA = YES;
				CLANG_WARN_CONSTANT_CONVERSION = YES;
				CLANG_WARN_DEPRECATED_OBJC_IMPLEMENTATIONS = YES;
				CLANG_WARN_DIRECT_OBJC_ISA_USAGE = YES_ERROR;
				CLANG_WARN_DOCUMENTATION_COMMENTS = YES;
				CLANG_WARN_EMPTY_BODY = YES;
				CLANG_WARN_ENUM_CONVERSION = YES;
				CLANG_WARN_INFINITE_RECURSION = YES;
				CLANG_WARN_INT_CONVERSION = YES;
				CLANG_WARN_NON_LITERAL_NULL_CONVERSION = YES;
				CLANG_WARN_OBJC_IMPLICIT_RETAIN_SELF = YES;
				CLANG_WARN_OBJC_LITERAL_CONVERSION = YES;
				CLANG_WARN_OBJC_ROOT_CLASS = YES_ERROR;
				CLANG_WARN_QUOTED_INCLUDE_IN_FRAMEWORK_HEADER = YES;
				CLANG_WARN_RANGE_LOOP_ANALYSIS = YES;
				CLANG_WARN_STRICT_PROTOTYPES = YES;
				CLANG_WARN_SUSPICIOUS_MOVE = YES;
				CLANG_WARN_UNGUARDED_AVAILABILITY = YES_AGGRESSIVE;
				CLANG_WARN_UNREACHABLE_CODE = YES;
				CLANG_WARN__DUPLICATE_METHOD_MATCH = YES;
				COPY_PHASE_STRIP = NO;
				DEBUG_INFORMATION_FORMAT = "dwarf-with-dsym";
				ENABLE_NS_ASSERTIONS = NO;
				ENABLE_STRICT_OBJC_MSGSEND = YES;
				GCC_C_LANGUAGE_STANDARD = gnu11;
				GCC_NO_COMMON_BLOCKS = YES;
				GCC_WARN_64_TO_32_BIT_CONVERSION = YES;
				GCC_WARN_ABOUT_RETURN_TYPE = YES_ERROR;
				GCC_WARN_UNDECLARED_SELECTOR = YES;
				GCC_WARN_UNINITIALIZED_AUTOS = YES_AGGRESSIVE;
				GCC_WARN_UNUSED_FUNCTION = YES;
				GCC_WARN_UNUSED_VARIABLE = YES;
				IPHONEOS_DEPLOYMENT_TARGET = 16.1;
				MTL_ENABLE_DEBUG_INFO = NO;
				MTL_FAST_MATH = YES;
				SDKROOT = iphoneos;
				SWIFT_COMPILATION_MODE = wholemodule;
				SWIFT_OPTIMIZATION_LEVEL = "-O";
				VALIDATE_PRODUCT = YES;
			};
			name = Release;
		};
		617457F42A2930F8001134E7 /* Debug */ = {
			isa = XCBuildConfiguration;
			baseConfigurationReference = 54CC08E1F256AE805EFF8E2F /* Pods-InDoor-Admin.debug.xcconfig */;
			buildSettings = {
				ASSETCATALOG_COMPILER_APPICON_NAME = AppIcon;
				ASSETCATALOG_COMPILER_GLOBAL_ACCENT_COLOR_NAME = AccentColor;
				CODE_SIGN_STYLE = Automatic;
				CURRENT_PROJECT_VERSION = 1;
				GENERATE_INFOPLIST_FILE = YES;
				INFOPLIST_FILE = "InDoor-Admin/Info.plist";
				INFOPLIST_KEY_UIApplicationSupportsIndirectInputEvents = YES;
				INFOPLIST_KEY_UILaunchStoryboardName = LaunchScreen;
				INFOPLIST_KEY_UIMainStoryboardFile = Main;
				INFOPLIST_KEY_UISupportedInterfaceOrientations_iPad = "UIInterfaceOrientationPortrait UIInterfaceOrientationPortraitUpsideDown UIInterfaceOrientationLandscapeLeft UIInterfaceOrientationLandscapeRight";
				INFOPLIST_KEY_UISupportedInterfaceOrientations_iPhone = "UIInterfaceOrientationPortrait UIInterfaceOrientationLandscapeLeft UIInterfaceOrientationLandscapeRight";
				LD_RUNPATH_SEARCH_PATHS = (
					"$(inherited)",
					"@executable_path/Frameworks",
				);
				MARKETING_VERSION = 1.0;
				PRODUCT_BUNDLE_IDENTIFIER = "MAD43.InDoor-Admin";
				PRODUCT_NAME = "$(TARGET_NAME)";
				SWIFT_EMIT_LOC_STRINGS = YES;
				SWIFT_VERSION = 5.0;
				TARGETED_DEVICE_FAMILY = "1,2";
			};
			name = Debug;
		};
		617457F52A2930F8001134E7 /* Release */ = {
			isa = XCBuildConfiguration;
			baseConfigurationReference = 76E88968C0CB77FE533577E5 /* Pods-InDoor-Admin.release.xcconfig */;
			buildSettings = {
				ASSETCATALOG_COMPILER_APPICON_NAME = AppIcon;
				ASSETCATALOG_COMPILER_GLOBAL_ACCENT_COLOR_NAME = AccentColor;
				CODE_SIGN_STYLE = Automatic;
				CURRENT_PROJECT_VERSION = 1;
				GENERATE_INFOPLIST_FILE = YES;
				INFOPLIST_FILE = "InDoor-Admin/Info.plist";
				INFOPLIST_KEY_UIApplicationSupportsIndirectInputEvents = YES;
				INFOPLIST_KEY_UILaunchStoryboardName = LaunchScreen;
				INFOPLIST_KEY_UIMainStoryboardFile = Main;
				INFOPLIST_KEY_UISupportedInterfaceOrientations_iPad = "UIInterfaceOrientationPortrait UIInterfaceOrientationPortraitUpsideDown UIInterfaceOrientationLandscapeLeft UIInterfaceOrientationLandscapeRight";
				INFOPLIST_KEY_UISupportedInterfaceOrientations_iPhone = "UIInterfaceOrientationPortrait UIInterfaceOrientationLandscapeLeft UIInterfaceOrientationLandscapeRight";
				LD_RUNPATH_SEARCH_PATHS = (
					"$(inherited)",
					"@executable_path/Frameworks",
				);
				MARKETING_VERSION = 1.0;
				PRODUCT_BUNDLE_IDENTIFIER = "MAD43.InDoor-Admin";
				PRODUCT_NAME = "$(TARGET_NAME)";
				SWIFT_EMIT_LOC_STRINGS = YES;
				SWIFT_VERSION = 5.0;
				TARGETED_DEVICE_FAMILY = "1,2";
			};
			name = Release;
		};
/* End XCBuildConfiguration section */

/* Begin XCConfigurationList section */
		617457DA2A2930F7001134E7 /* Build configuration list for PBXProject "InDoor-Admin" */ = {
			isa = XCConfigurationList;
			buildConfigurations = (
				617457F12A2930F8001134E7 /* Debug */,
				617457F22A2930F8001134E7 /* Release */,
			);
			defaultConfigurationIsVisible = 0;
			defaultConfigurationName = Release;
		};
		617457F32A2930F8001134E7 /* Build configuration list for PBXNativeTarget "InDoor-Admin" */ = {
			isa = XCConfigurationList;
			buildConfigurations = (
				617457F42A2930F8001134E7 /* Debug */,
				617457F52A2930F8001134E7 /* Release */,
			);
			defaultConfigurationIsVisible = 0;
			defaultConfigurationName = Release;
		};
/* End XCConfigurationList section */

/* Begin XCRemoteSwiftPackageReference section */
		E2FE464A2A347B960051B27A /* XCRemoteSwiftPackageReference "ImageSlideshow" */ = {
			isa = XCRemoteSwiftPackageReference;
			repositoryURL = "https://github.com/zvonicek/ImageSlideshow";
			requirement = {
				kind = upToNextMajorVersion;
				minimumVersion = 1.0.0;
			};
		};
/* End XCRemoteSwiftPackageReference section */

/* Begin XCSwiftPackageProductDependency section */
		E2FE464B2A347B960051B27A /* ImageSlideshow */ = {
			isa = XCSwiftPackageProductDependency;
			package = E2FE464A2A347B960051B27A /* XCRemoteSwiftPackageReference "ImageSlideshow" */;
			productName = ImageSlideshow;
		};
		E2FE464D2A347B960051B27A /* ImageSlideshow/Kingfisher */ = {
			isa = XCSwiftPackageProductDependency;
			package = E2FE464A2A347B960051B27A /* XCRemoteSwiftPackageReference "ImageSlideshow" */;
			productName = ImageSlideshow/Kingfisher;
		};
/* End XCSwiftPackageProductDependency section */
	};
	rootObject = 617457D72A2930F7001134E7 /* Project object */;
}
